
Microsoft Visual Studio Solution File, Format Version 12.00
# Visual Studio Version 16
VisualStudioVersion = 16.0.30804.86
MinimumVisualStudioVersion = 10.0.40219.1
Project("{FAE04EC0-301F-11D3-BF4B-00C04F79EFBC}") = "Sermon Uploader", "SermonUploader\Sermon Uploader.csproj", "{31D1AB9A-8BA6-446A-A11D-241E66FA5DF0}"
EndProject
Project("{2150E333-8FDC-42A3-9474-1A3956D46DE8}") = ".nuget", ".nuget", "{F8AF852B-5ABA-408E-8874-9E4D8C3E2691}"
	ProjectSection(SolutionItems) = preProject
		.nuget\NuGet.Config = .nuget\NuGet.Config
		.nuget\NuGet.exe = .nuget\NuGet.exe
		.nuget\NuGet.targets = .nuget\NuGet.targets
	EndProjectSection
EndProject
Global
	GlobalSection(SolutionConfigurationPlatforms) = preSolution
		Debug|Any CPU = Debug|Any CPU
		Debug|x64 = Debug|x64
		Debug|x86 = Debug|x86
		Release|Any CPU = Release|Any CPU
		Release|x64 = Release|x64
		Release|x86 = Release|x86
	EndGlobalSection
	GlobalSection(ProjectConfigurationPlatforms) = postSolution
		{31D1AB9A-8BA6-446A-A11D-241E66FA5DF0}.Debug|Any CPU.ActiveCfg = Debug|Any CPU
		{31D1AB9A-8BA6-446A-A11D-241E66FA5DF0}.Debug|Any CPU.Build.0 = Debug|Any CPU
		{31D1AB9A-8BA6-446A-A11D-241E66FA5DF0}.Debug|x64.ActiveCfg = Debug|x64
		{31D1AB9A-8BA6-446A-A11D-241E66FA5DF0}.Debug|x64.Build.0 = Debug|x64
		{31D1AB9A-8BA6-446A-A11D-241E66FA5DF0}.Debug|x86.ActiveCfg = Debug|x86
		{31D1AB9A-8BA6-446A-A11D-241E66FA5DF0}.Debug|x86.Build.0 = Debug|x86
		{31D1AB9A-8BA6-446A-A11D-241E66FA5DF0}.Release|Any CPU.ActiveCfg = Release|Any CPU
		{31D1AB9A-8BA6-446A-A11D-241E66FA5DF0}.Release|Any CPU.Build.0 = Release|Any CPU
		{31D1AB9A-8BA6-446A-A11D-241E66FA5DF0}.Release|x64.ActiveCfg = Release|x64
		{31D1AB9A-8BA6-446A-A11D-241E66FA5DF0}.Release|x64.Build.0 = Release|x64
		{31D1AB9A-8BA6-446A-A11D-241E66FA5DF0}.Release|x86.ActiveCfg = Release|x86
		{31D1AB9A-8BA6-446A-A11D-241E66FA5DF0}.Release|x86.Build.0 = Release|x86
	EndGlobalSection
	GlobalSection(SolutionProperties) = preSolution
		HideSolutionNode = FALSE
	EndGlobalSection
	GlobalSection(ExtensibilityGlobals) = postSolution
		SolutionGuid = {8AFC4EF8-1D5D-4378-A104-CE4E6ADB3BA5}
	EndGlobalSection
EndGlobal
