
Microsoft Visual Studio Solution File, Format Version 12.00
# Visual Studio 15
VisualStudioVersion = 15.0.26730.16
MinimumVisualStudioVersion = 10.0.40219.1
Project("{FAE04EC0-301F-11D3-BF4B-00C04F79EFBC}") = "EMSToAWS", "EMSToAWS\EMSToAWS.csproj", "{679048DB-305D-4FE2-AEAE-2006C091E61A}"
EndProject
Project("{FAE04EC0-301F-11D3-BF4B-00C04F79EFBC}") = "AirSupply", "AirSupply\AirSupply.csproj", "{6D395964-95A4-483C-B703-A721DE02F3C0}"
EndProject
Project("{54435603-DBB4-11D2-8724-00A0C9A8B90C}") = "AirSupplySetup", "AirSupplySetup\AirSupplySetup.vdproj", "{1C9971D2-846B-49E4-9720-0D1447DA138D}"
EndProject
Global
	GlobalSection(SolutionConfigurationPlatforms) = preSolution
		Debug|Any CPU = Debug|Any CPU
		Release|Any CPU = Release|Any CPU
	EndGlobalSection
	GlobalSection(ProjectConfigurationPlatforms) = postSolution
		{679048DB-305D-4FE2-AEAE-2006C091E61A}.Debug|Any CPU.ActiveCfg = Debug|Any CPU
		{679048DB-305D-4FE2-AEAE-2006C091E61A}.Debug|Any CPU.Build.0 = Debug|Any CPU
		{679048DB-305D-4FE2-AEAE-2006C091E61A}.Release|Any CPU.ActiveCfg = Release|Any CPU
		{679048DB-305D-4FE2-AEAE-2006C091E61A}.Release|Any CPU.Build.0 = Release|Any CPU
		{6D395964-95A4-483C-B703-A721DE02F3C0}.Debug|Any CPU.ActiveCfg = Debug|Any CPU
		{6D395964-95A4-483C-B703-A721DE02F3C0}.Debug|Any CPU.Build.0 = Debug|Any CPU
		{6D395964-95A4-483C-B703-A721DE02F3C0}.Release|Any CPU.ActiveCfg = Release|Any CPU
		{6D395964-95A4-483C-B703-A721DE02F3C0}.Release|Any CPU.Build.0 = Release|Any CPU
		{1C9971D2-846B-49E4-9720-0D1447DA138D}.Debug|Any CPU.ActiveCfg = Debug
		{1C9971D2-846B-49E4-9720-0D1447DA138D}.Debug|Any CPU.Build.0 = Debug
		{1C9971D2-846B-49E4-9720-0D1447DA138D}.Release|Any CPU.ActiveCfg = Release
		{1C9971D2-846B-49E4-9720-0D1447DA138D}.Release|Any CPU.Build.0 = Release
	EndGlobalSection
	GlobalSection(SolutionProperties) = preSolution
		HideSolutionNode = FALSE
	EndGlobalSection
	GlobalSection(ExtensibilityGlobals) = postSolution
		SolutionGuid = {DA813550-4E84-4ECC-BDB0-4D46A4B773B3}
	EndGlobalSection
EndGlobal
